// !$*UTF8*$!
{
	archiveVersion = 1;
	classes = {
	};
	objectVersion = 46;
	objects = {
/* Begin PBXBuildFile section */
		0207DA581B56EA530066E2B4 /* Images.xcassets in Resources */ = {isa = PBXBuildFile; fileRef = 0207DA571B56EA530066E2B4 /* Images.xcassets */; };
		1D3623260D0F684500981E51 /* AppDelegate.m in Sources */ = {isa = PBXBuildFile; fileRef = 1D3623250D0F684500981E51 /* AppDelegate.m */; };
		1D60589B0D05DD56006BFB54 /* main.m in Sources */ = {isa = PBXBuildFile; fileRef = 29B97316FDCFA39411CA2CEA /* main.m */; };
		301BF552109A68D80062928A /* libCordova.a in Frameworks */ = {isa = PBXBuildFile; fileRef = 301BF535109A57CC0062928A /* libCordova.a */; };
		302D95F114D2391D003F00A1 /* MainViewController.m in Sources */ = {isa = PBXBuildFile; fileRef = 302D95EF14D2391D003F00A1 /* MainViewController.m */; };
		302D95F214D2391D003F00A1 /* MainViewController.xib in Resources */ = {isa = PBXBuildFile; fileRef = 302D95F014D2391D003F00A1 /* MainViewController.xib */; };
		3047A5121AB8059700498E2A /* build-debug.xcconfig in Resources */ = {isa = PBXBuildFile; fileRef = 3047A50F1AB8059700498E2A /* build-debug.xcconfig */; };
		3047A5131AB8059700498E2A /* build-release.xcconfig in Resources */ = {isa = PBXBuildFile; fileRef = 3047A5101AB8059700498E2A /* build-release.xcconfig */; };
		3047A5141AB8059700498E2A /* build.xcconfig in Resources */ = {isa = PBXBuildFile; fileRef = 3047A5111AB8059700498E2A /* build.xcconfig */; };
		E329C62964314AE1BE52F1B3 /* CDVBattery.m in Sources */ = {isa = PBXBuildFile; fileRef = 0D6B303D694B4276ACC0330C /* CDVBattery.m */; };
		1748D65D967A4CDEA84E7E55 /* UIImage+CropScaleOrientation.m in Sources */ = {isa = PBXBuildFile; fileRef = AED1470A461543C7B700B42C /* UIImage+CropScaleOrientation.m */; };
		1C36900B4DE54629A0052DEE /* CDVCamera.m in Sources */ = {isa = PBXBuildFile; fileRef = E2D3B810BBF54307AE0D642D /* CDVCamera.m */; };
		88209D7A7FD441A9AD6D0EFA /* CDVJpegHeaderWriter.m in Sources */ = {isa = PBXBuildFile; fileRef = A93B591079D14E02A48CAC83 /* CDVJpegHeaderWriter.m */; };
		982646A0E7664341A77610EB /* ImageIO.framework in Frameworks */ = {isa = PBXBuildFile; fileRef = D4287A5208954FB0991DBC20 /* ImageIO.framework */; settings = {ATTRIBUTES = (Weak, ); }; };
		DC83928E4C944453AB7F7104 /* CoreLocation.framework in Frameworks */ = {isa = PBXBuildFile; fileRef = 339A58F724FA471998875275 /* CoreLocation.framework */; };
		E9DF6175834847A8895BDE44 /* AVFoundation.framework in Frameworks */ = {isa = PBXBuildFile; fileRef = C4DA839F85B849A6996F8A02 /* AVFoundation.framework */; };
		7062C161379D45E0BCED9E4D /* CDVFile.m in Sources */ = {isa = PBXBuildFile; fileRef = 1A201D71AC8C4A8AAB8B0A7B /* CDVFile.m */; };
		409E1852B9D34A55B67EDFD5 /* CDVLocalFilesystem.m in Sources */ = {isa = PBXBuildFile; fileRef = B0288F7225DE41F0BD4024C1 /* CDVLocalFilesystem.m */; };
		ABEA089930714C55B7BE7637 /* CDVAssetLibraryFilesystem.m in Sources */ = {isa = PBXBuildFile; fileRef = 75933C3A58A9452A86A48F3C /* CDVAssetLibraryFilesystem.m */; };
		4BC126B7C6C14BD68F6F8FB3 /* CDVCapture.m in Sources */ = {isa = PBXBuildFile; fileRef = 4821866FBCEF4C7AB386811A /* CDVCapture.m */; };
		3D4A877569234A05B448ED2A /* CDVCapture.bundle in Resources */ = {isa = PBXBuildFile; fileRef = E006C8DF027A4C1580A754A4 /* CDVCapture.bundle */; };
		BB5DC56C65BF4683AE936926 /* CDVLogger.m in Sources */ = {isa = PBXBuildFile; fileRef = 793F6E5ABC824E23A220800D /* CDVLogger.m */; };
		619C0FF2A9F54542BDAA9FEA /* CDVContacts.m in Sources */ = {isa = PBXBuildFile; fileRef = 2F7CABB0DA8049EA99E94368 /* CDVContacts.m */; };
		46199D5FC73845368048E11A /* CDVContact.m in Sources */ = {isa = PBXBuildFile; fileRef = CBD951FC17B143E9BC12BA8E /* CDVContact.m */; };
		9326C87DE71C4C4AA90A10D3 /* AddressBook.framework in Frameworks */ = {isa = PBXBuildFile; fileRef = 62C7F96D8F1149C2A9561063 /* AddressBook.framework */; settings = {ATTRIBUTES = (Weak, ); }; };
		65A5BBE42BF84B2093F0AEAF /* AddressBookUI.framework in Frameworks */ = {isa = PBXBuildFile; fileRef = 156DA4F4BC7E4902B004A2A4 /* AddressBookUI.framework */; settings = {ATTRIBUTES = (Weak, ); }; };
		D65968F2933349B39B0BC915 /* CDVDevice.m in Sources */ = {isa = PBXBuildFile; fileRef = 50560C2E58D64BEF84768A7D /* CDVDevice.m */; };
		AEFFF38F23FD445092EE1F9D /* CDVAccelerometer.m in Sources */ = {isa = PBXBuildFile; fileRef = B9649735DE114C89BBCD2507 /* CDVAccelerometer.m */; };
		81CF9FF0A4CF4C4D8B9F3284 /* CoreMotion.framework in Frameworks */ = {isa = PBXBuildFile; fileRef = E53EA89F6F634B6AB90273BE /* CoreMotion.framework */; };
		33FCC37B803046B785209249 /* CDVCompass.m in Sources */ = {isa = PBXBuildFile; fileRef = 2C3C4F73EBAB4D9C9724B4C2 /* CDVCompass.m */; };
		DB57DD48C7A8402C82D6E4F9 /* CDVNotification.m in Sources */ = {isa = PBXBuildFile; fileRef = 5B639533B9F94831AC1D4059 /* CDVNotification.m */; };
		8224D88A5C5146F181CE5ECA /* CDVNotification.bundle in Resources */ = {isa = PBXBuildFile; fileRef = F214B08C5D304ED687AD3755 /* CDVNotification.bundle */; };
		AAE85C6F6C0C423BB76B8656 /* AudioToolbox.framework in Frameworks */ = {isa = PBXBuildFile; fileRef = 23F9BEC73D2E46ED9A6D2D0B /* AudioToolbox.framework */; settings = {ATTRIBUTES = (Weak, ); }; };
		9006982A212D40D291523511 /* CDVFileTransfer.m in Sources */ = {isa = PBXBuildFile; fileRef = C16ABEA1BEAF4B9A96F81C62 /* CDVFileTransfer.m */; };
		458DD9E8A70F4F928EE73959 /* CDVLocation.m in Sources */ = {isa = PBXBuildFile; fileRef = BD041AD4D42B433E985E00F9 /* CDVLocation.m */; };
		E95EE20CDDD0451CB2DFC961 /* CDVGlobalization.m in Sources */ = {isa = PBXBuildFile; fileRef = D5BBBEA603094B5C8D679B5A /* CDVGlobalization.m */; };
		0D1130B230ED4BC5953C8EC4 /* CDVInAppBrowser.m in Sources */ = {isa = PBXBuildFile; fileRef = 7E07662AE32B464A9EE7FC80 /* CDVInAppBrowser.m */; };
		57957225CCB04CF4A3B524F5 /* CDVSound.m in Sources */ = {isa = PBXBuildFile; fileRef = E99F3D03AE7C4E0DB2EE14B4 /* CDVSound.m */; };
		C4FD4E2F44B74713A3E17441 /* CDVConnection.m in Sources */ = {isa = PBXBuildFile; fileRef = 939467682483423B9E1627E6 /* CDVConnection.m */; };
		4348C1FD50CC4A05B6A784F6 /* CDVReachability.m in Sources */ = {isa = PBXBuildFile; fileRef = 6D3E88CFF5B8409481BF5592 /* CDVReachability.m */; };
		66A07823BAFB4255B48D7796 /* SystemConfiguration.framework in Frameworks */ = {isa = PBXBuildFile; fileRef = 28D801010BEE42AEA2036654 /* SystemConfiguration.framework */; settings = {ATTRIBUTES = (Weak, ); }; };
		A8B4A49678164C7D993B5880 /* CoreTelephony.framework in Frameworks */ = {isa = PBXBuildFile; fileRef = 670CF18433E741D9A232107F /* CoreTelephony.framework */; };
		5C3C0C9C401E42A68C660BD8 /* CDVSplashScreen.m in Sources */ = {isa = PBXBuildFile; fileRef = FF4689035C4F42F28187ABBE /* CDVSplashScreen.m */; };
		36346E36186E4B428875BB64 /* CDVViewController+SplashScreen.m in Sources */ = {isa = PBXBuildFile; fileRef = 1DF775F4EFB34E18865B4A8E /* CDVViewController+SplashScreen.m */; };
		06787EBD41C14577A0C08B17 /* CDVStatusBar.m in Sources */ = {isa = PBXBuildFile; fileRef = 07D09412EFB340BFA3F0687A /* CDVStatusBar.m */; };
		E502CA9BAFEE48DFBA395FD4 /* CDVVibration.m in Sources */ = {isa = PBXBuildFile; fileRef = 2724588C9A7A4983BBB2CD6E /* CDVVibration.m */; };
/* End PBXBuildFile section */

/* Begin PBXContainerItemProxy section */
		301BF534109A57CC0062928A /* PBXContainerItemProxy */ = {
			isa = PBXContainerItemProxy;
			containerPortal = 301BF52D109A57CC0062928A /* CordovaLib.xcodeproj */;
			proxyType = 2;
			remoteGlobalIDString = D2AAC07E0554694100DB518D;
			remoteInfo = CordovaLib;
		};
		301BF550109A68C00062928A /* PBXContainerItemProxy */ = {
			isa = PBXContainerItemProxy;
			containerPortal = 301BF52D109A57CC0062928A /* CordovaLib.xcodeproj */;
			proxyType = 1;
			remoteGlobalIDString = D2AAC07D0554694100DB518D;
			remoteInfo = CordovaLib;
		};
/* End PBXContainerItemProxy section */

/* Begin PBXFileReference section */
		0207DA571B56EA530066E2B4 /* Images.xcassets */ = {isa = PBXFileReference; lastKnownFileType = folder.assetcatalog; name = Images.xcassets; path = "Hello World/Images.xcassets"; sourceTree = SOURCE_ROOT; };
		1D3623240D0F684500981E51 /* AppDelegate.h */ = {isa = PBXFileReference; fileEncoding = 4; lastKnownFileType = sourcecode.c.h; path = AppDelegate.h; sourceTree = "<group>"; };
		1D3623250D0F684500981E51 /* AppDelegate.m */ = {isa = PBXFileReference; fileEncoding = 4; lastKnownFileType = sourcecode.c.objc; path = AppDelegate.m; sourceTree = "<group>"; };
		1D6058910D05DD3D006BFB54 /* Hello World.app */ = {isa = PBXFileReference; explicitFileType = wrapper.application; includeInIndex = 0; path = "Hello World.app"; sourceTree = BUILT_PRODUCTS_DIR; };
		29B97316FDCFA39411CA2CEA /* main.m */ = {isa = PBXFileReference; fileEncoding = 4; lastKnownFileType = sourcecode.c.objc; path = main.m; sourceTree = "<group>"; };
		301BF52D109A57CC0062928A /* CordovaLib.xcodeproj */ = {isa = PBXFileReference; lastKnownFileType = "wrapper.pb-project"; name = CordovaLib.xcodeproj; path = CordovaLib/CordovaLib.xcodeproj; sourceTree = "<group>"; };
		301BF56E109A69640062928A /* www */ = {isa = PBXFileReference; lastKnownFileType = folder; path = www; sourceTree = SOURCE_ROOT; };
		302D95EE14D2391D003F00A1 /* MainViewController.h */ = {isa = PBXFileReference; fileEncoding = 4; lastKnownFileType = sourcecode.c.h; path = MainViewController.h; sourceTree = "<group>"; };
		302D95EF14D2391D003F00A1 /* MainViewController.m */ = {isa = PBXFileReference; fileEncoding = 4; lastKnownFileType = sourcecode.c.objc; path = MainViewController.m; sourceTree = "<group>"; };
		302D95F014D2391D003F00A1 /* MainViewController.xib */ = {isa = PBXFileReference; fileEncoding = 4; lastKnownFileType = file.xib; path = MainViewController.xib; sourceTree = "<group>"; };
		3047A50F1AB8059700498E2A /* build-debug.xcconfig */ = {isa = PBXFileReference; fileEncoding = 4; lastKnownFileType = text.xcconfig; name = "build-debug.xcconfig"; path = cordova/build-debug.xcconfig; sourceTree = SOURCE_ROOT; };
		3047A5101AB8059700498E2A /* build-release.xcconfig */ = {isa = PBXFileReference; fileEncoding = 4; lastKnownFileType = text.xcconfig; name = "build-release.xcconfig"; path = cordova/build-release.xcconfig; sourceTree = SOURCE_ROOT; };
		3047A5111AB8059700498E2A /* build.xcconfig */ = {isa = PBXFileReference; fileEncoding = 4; lastKnownFileType = text.xcconfig; name = build.xcconfig; path = cordova/build.xcconfig; sourceTree = SOURCE_ROOT; };
		32CA4F630368D1EE00C91783 /* Hello World-Prefix.pch */ = {isa = PBXFileReference; fileEncoding = 4; lastKnownFileType = sourcecode.c.h; path = "Hello World-Prefix.pch"; sourceTree = "<group>"; };
		8D1107310486CEB800E47090 /* Hello World-Info.plist */ = {isa = PBXFileReference; fileEncoding = 4; lastKnownFileType = text.plist.xml; name = "Hello World-Info.plist"; path = "Hello World/Hello World-Info.plist"; plistStructureDefinitionIdentifier = "com.apple.xcode.plist.structure-definition.iphone.info-plist"; sourceTree = SOURCE_ROOT; };
		EB87FDF31871DA8E0020F90C /* www */ = {isa = PBXFileReference; lastKnownFileType = folder; name = www; path = ../../www; sourceTree = "<group>"; };
		EB87FDF41871DAF40020F90C /* config.xml */ = {isa = PBXFileReference; lastKnownFileType = text.xml; name = config.xml; path = ../../config.xml; sourceTree = "<group>"; };
		F840E1F0165FE0F500CFE078 /* config.xml */ = {isa = PBXFileReference; lastKnownFileType = text.xml; name = config.xml; path = "Hello World/config.xml"; sourceTree = "<group>"; };
		ED33DF2A687741AEAF9F8254 /* Bridging-Header.h */ = {isa = PBXFileReference; fileEncoding = 4; lastKnownFileType = sourcecode.c.h; name = "Bridging-Header.h"; path = "Bridging-Header.h"; sourceTree = "<group>"; };
		0D6B303D694B4276ACC0330C /* CDVBattery.m */ = {isa = PBXFileReference; name = "CDVBattery.m"; path = "cordova-plugin-battery-status/CDVBattery.m"; sourceTree = "<group>"; fileEncoding = 4; lastKnownFileType = sourcecode.c.objc; explicitFileType = undefined; includeInIndex = 0; };
		FA88D2309DBC4136876DDB34 /* CDVBattery.h */ = {isa = PBXFileReference; name = "CDVBattery.h"; path = "cordova-plugin-battery-status/CDVBattery.h"; sourceTree = "<group>"; fileEncoding = 4; lastKnownFileType = sourcecode.c.h; explicitFileType = undefined; includeInIndex = 0; };
		AED1470A461543C7B700B42C /* UIImage+CropScaleOrientation.m */ = {isa = PBXFileReference; name = "UIImage+CropScaleOrientation.m"; path = "cordova-plugin-camera/UIImage+CropScaleOrientation.m"; sourceTree = "<group>"; fileEncoding = 4; lastKnownFileType = sourcecode.c.objc; explicitFileType = undefined; includeInIndex = 0; };
		E2D3B810BBF54307AE0D642D /* CDVCamera.m */ = {isa = PBXFileReference; name = "CDVCamera.m"; path = "cordova-plugin-camera/CDVCamera.m"; sourceTree = "<group>"; fileEncoding = 4; lastKnownFileType = sourcecode.c.objc; explicitFileType = undefined; includeInIndex = 0; };
		A93B591079D14E02A48CAC83 /* CDVJpegHeaderWriter.m */ = {isa = PBXFileReference; name = "CDVJpegHeaderWriter.m"; path = "cordova-plugin-camera/CDVJpegHeaderWriter.m"; sourceTree = "<group>"; fileEncoding = 4; lastKnownFileType = sourcecode.c.objc; explicitFileType = undefined; includeInIndex = 0; };
		1D3348748516465CBE4E28AB /* UIImage+CropScaleOrientation.h */ = {isa = PBXFileReference; name = "UIImage+CropScaleOrientation.h"; path = "cordova-plugin-camera/UIImage+CropScaleOrientation.h"; sourceTree = "<group>"; fileEncoding = 4; lastKnownFileType = sourcecode.c.h; explicitFileType = undefined; includeInIndex = 0; };
		E30CF73B6C454FF8AF306DD4 /* CDVCamera.h */ = {isa = PBXFileReference; name = "CDVCamera.h"; path = "cordova-plugin-camera/CDVCamera.h"; sourceTree = "<group>"; fileEncoding = 4; lastKnownFileType = sourcecode.c.h; explicitFileType = undefined; includeInIndex = 0; };
		F981D22E98364C54B5375D2F /* CDVJpegHeaderWriter.h */ = {isa = PBXFileReference; name = "CDVJpegHeaderWriter.h"; path = "cordova-plugin-camera/CDVJpegHeaderWriter.h"; sourceTree = "<group>"; fileEncoding = 4; lastKnownFileType = sourcecode.c.h; explicitFileType = undefined; includeInIndex = 0; };
		8551A4F0F20A48F699A80E04 /* CDVExif.h */ = {isa = PBXFileReference; name = "CDVExif.h"; path = "cordova-plugin-camera/CDVExif.h"; sourceTree = "<group>"; fileEncoding = 4; lastKnownFileType = sourcecode.c.h; explicitFileType = undefined; includeInIndex = 0; };
		D4287A5208954FB0991DBC20 /* ImageIO.framework */ = {isa = PBXFileReference; name = "ImageIO.framework"; path = "System/Library/Frameworks/ImageIO.framework"; sourceTree = SDKROOT; fileEncoding = undefined; lastKnownFileType = wrapper.framework; explicitFileType = undefined; includeInIndex = 0; };
		339A58F724FA471998875275 /* CoreLocation.framework */ = {isa = PBXFileReference; name = "CoreLocation.framework"; path = "System/Library/Frameworks/CoreLocation.framework"; sourceTree = SDKROOT; fileEncoding = undefined; lastKnownFileType = wrapper.framework; explicitFileType = undefined; includeInIndex = 0; };
		C4DA839F85B849A6996F8A02 /* AVFoundation.framework */ = {isa = PBXFileReference; name = "AVFoundation.framework"; path = "System/Library/Frameworks/AVFoundation.framework"; sourceTree = SDKROOT; fileEncoding = undefined; lastKnownFileType = wrapper.framework; explicitFileType = undefined; includeInIndex = 0; };
		1A201D71AC8C4A8AAB8B0A7B /* CDVFile.m */ = {isa = PBXFileReference; name = "CDVFile.m"; path = "cordova-plugin-file/CDVFile.m"; sourceTree = "<group>"; fileEncoding = 4; lastKnownFileType = sourcecode.c.objc; explicitFileType = undefined; includeInIndex = 0; };
		B0288F7225DE41F0BD4024C1 /* CDVLocalFilesystem.m */ = {isa = PBXFileReference; name = "CDVLocalFilesystem.m"; path = "cordova-plugin-file/CDVLocalFilesystem.m"; sourceTree = "<group>"; fileEncoding = 4; lastKnownFileType = sourcecode.c.objc; explicitFileType = undefined; includeInIndex = 0; };
		75933C3A58A9452A86A48F3C /* CDVAssetLibraryFilesystem.m */ = {isa = PBXFileReference; name = "CDVAssetLibraryFilesystem.m"; path = "cordova-plugin-file/CDVAssetLibraryFilesystem.m"; sourceTree = "<group>"; fileEncoding = 4; lastKnownFileType = sourcecode.c.objc; explicitFileType = undefined; includeInIndex = 0; };
		D38E8DC648744CB59D5B8C00 /* CDVFile.h */ = {isa = PBXFileReference; name = "CDVFile.h"; path = "cordova-plugin-file/CDVFile.h"; sourceTree = "<group>"; fileEncoding = 4; lastKnownFileType = sourcecode.c.h; explicitFileType = undefined; includeInIndex = 0; };
		09277D224BA1469CA7D4189C /* CDVLocalFilesystem.h */ = {isa = PBXFileReference; name = "CDVLocalFilesystem.h"; path = "cordova-plugin-file/CDVLocalFilesystem.h"; sourceTree = "<group>"; fileEncoding = 4; lastKnownFileType = sourcecode.c.h; explicitFileType = undefined; includeInIndex = 0; };
		5B6B10A6B82F499F9A7EA347 /* CDVAssetLibraryFilesystem.h */ = {isa = PBXFileReference; name = "CDVAssetLibraryFilesystem.h"; path = "cordova-plugin-file/CDVAssetLibraryFilesystem.h"; sourceTree = "<group>"; fileEncoding = 4; lastKnownFileType = sourcecode.c.h; explicitFileType = undefined; includeInIndex = 0; };
		4821866FBCEF4C7AB386811A /* CDVCapture.m */ = {isa = PBXFileReference; name = "CDVCapture.m"; path = "cordova-plugin-media-capture/CDVCapture.m"; sourceTree = "<group>"; fileEncoding = 4; lastKnownFileType = sourcecode.c.objc; explicitFileType = undefined; includeInIndex = 0; };
		1FD82B74E8F5422A82964268 /* CDVCapture.h */ = {isa = PBXFileReference; name = "CDVCapture.h"; path = "cordova-plugin-media-capture/CDVCapture.h"; sourceTree = "<group>"; fileEncoding = 4; lastKnownFileType = sourcecode.c.h; explicitFileType = undefined; includeInIndex = 0; };
		E006C8DF027A4C1580A754A4 /* CDVCapture.bundle */ = {isa = PBXFileReference; name = "CDVCapture.bundle"; path = "CDVCapture.bundle"; sourceTree = "<group>"; fileEncoding = undefined; lastKnownFileType = wrapper.plug-in; explicitFileType = undefined; includeInIndex = 0; };
		793F6E5ABC824E23A220800D /* CDVLogger.m */ = {isa = PBXFileReference; name = "CDVLogger.m"; path = "cordova-plugin-console/CDVLogger.m"; sourceTree = "<group>"; fileEncoding = 4; lastKnownFileType = sourcecode.c.objc; explicitFileType = undefined; includeInIndex = 0; };
		71F677A183414EACA41D347E /* CDVLogger.h */ = {isa = PBXFileReference; name = "CDVLogger.h"; path = "cordova-plugin-console/CDVLogger.h"; sourceTree = "<group>"; fileEncoding = 4; lastKnownFileType = sourcecode.c.h; explicitFileType = undefined; includeInIndex = 0; };
		2F7CABB0DA8049EA99E94368 /* CDVContacts.m */ = {isa = PBXFileReference; name = "CDVContacts.m"; path = "cordova-plugin-contacts/CDVContacts.m"; sourceTree = "<group>"; fileEncoding = 4; lastKnownFileType = sourcecode.c.objc; explicitFileType = undefined; includeInIndex = 0; };
		CBD951FC17B143E9BC12BA8E /* CDVContact.m */ = {isa = PBXFileReference; name = "CDVContact.m"; path = "cordova-plugin-contacts/CDVContact.m"; sourceTree = "<group>"; fileEncoding = 4; lastKnownFileType = sourcecode.c.objc; explicitFileType = undefined; includeInIndex = 0; };
		631D717749AE4BC9A19F8D33 /* CDVContacts.h */ = {isa = PBXFileReference; name = "CDVContacts.h"; path = "cordova-plugin-contacts/CDVContacts.h"; sourceTree = "<group>"; fileEncoding = 4; lastKnownFileType = sourcecode.c.h; explicitFileType = undefined; includeInIndex = 0; };
		1D81338D46494F8591479F3E /* CDVContact.h */ = {isa = PBXFileReference; name = "CDVContact.h"; path = "cordova-plugin-contacts/CDVContact.h"; sourceTree = "<group>"; fileEncoding = 4; lastKnownFileType = sourcecode.c.h; explicitFileType = undefined; includeInIndex = 0; };
		62C7F96D8F1149C2A9561063 /* AddressBook.framework */ = {isa = PBXFileReference; name = "AddressBook.framework"; path = "System/Library/Frameworks/AddressBook.framework"; sourceTree = SDKROOT; fileEncoding = undefined; lastKnownFileType = wrapper.framework; explicitFileType = undefined; includeInIndex = 0; };
		156DA4F4BC7E4902B004A2A4 /* AddressBookUI.framework */ = {isa = PBXFileReference; name = "AddressBookUI.framework"; path = "System/Library/Frameworks/AddressBookUI.framework"; sourceTree = SDKROOT; fileEncoding = undefined; lastKnownFileType = wrapper.framework; explicitFileType = undefined; includeInIndex = 0; };
		50560C2E58D64BEF84768A7D /* CDVDevice.m */ = {isa = PBXFileReference; name = "CDVDevice.m"; path = "cordova-plugin-device/CDVDevice.m"; sourceTree = "<group>"; fileEncoding = 4; lastKnownFileType = sourcecode.c.objc; explicitFileType = undefined; includeInIndex = 0; };
		3C0D88AC22A74E2CAB70DB32 /* CDVDevice.h */ = {isa = PBXFileReference; name = "CDVDevice.h"; path = "cordova-plugin-device/CDVDevice.h"; sourceTree = "<group>"; fileEncoding = 4; lastKnownFileType = sourcecode.c.h; explicitFileType = undefined; includeInIndex = 0; };
		B9649735DE114C89BBCD2507 /* CDVAccelerometer.m */ = {isa = PBXFileReference; name = "CDVAccelerometer.m"; path = "cordova-plugin-device-motion/CDVAccelerometer.m"; sourceTree = "<group>"; fileEncoding = 4; lastKnownFileType = sourcecode.c.objc; explicitFileType = undefined; includeInIndex = 0; };
		DAC48AD02ECA4A99BEFA8CFC /* CDVAccelerometer.h */ = {isa = PBXFileReference; name = "CDVAccelerometer.h"; path = "cordova-plugin-device-motion/CDVAccelerometer.h"; sourceTree = "<group>"; fileEncoding = 4; lastKnownFileType = sourcecode.c.h; explicitFileType = undefined; includeInIndex = 0; };
		E53EA89F6F634B6AB90273BE /* CoreMotion.framework */ = {isa = PBXFileReference; name = "CoreMotion.framework"; path = "System/Library/Frameworks/CoreMotion.framework"; sourceTree = SDKROOT; fileEncoding = undefined; lastKnownFileType = wrapper.framework; explicitFileType = undefined; includeInIndex = 0; };
		2C3C4F73EBAB4D9C9724B4C2 /* CDVCompass.m */ = {isa = PBXFileReference; name = "CDVCompass.m"; path = "cordova-plugin-device-orientation/CDVCompass.m"; sourceTree = "<group>"; fileEncoding = 4; lastKnownFileType = sourcecode.c.objc; explicitFileType = undefined; includeInIndex = 0; };
		0C24C5E64DD74AEC81BCD607 /* CDVCompass.h */ = {isa = PBXFileReference; name = "CDVCompass.h"; path = "cordova-plugin-device-orientation/CDVCompass.h"; sourceTree = "<group>"; fileEncoding = 4; lastKnownFileType = sourcecode.c.h; explicitFileType = undefined; includeInIndex = 0; };
		5B639533B9F94831AC1D4059 /* CDVNotification.m */ = {isa = PBXFileReference; name = "CDVNotification.m"; path = "cordova-plugin-dialogs/CDVNotification.m"; sourceTree = "<group>"; fileEncoding = 4; lastKnownFileType = sourcecode.c.objc; explicitFileType = undefined; includeInIndex = 0; };
		1E8D15758A034E54B759B97D /* CDVNotification.h */ = {isa = PBXFileReference; name = "CDVNotification.h"; path = "cordova-plugin-dialogs/CDVNotification.h"; sourceTree = "<group>"; fileEncoding = 4; lastKnownFileType = sourcecode.c.h; explicitFileType = undefined; includeInIndex = 0; };
		F214B08C5D304ED687AD3755 /* CDVNotification.bundle */ = {isa = PBXFileReference; name = "CDVNotification.bundle"; path = "CDVNotification.bundle"; sourceTree = "<group>"; fileEncoding = undefined; lastKnownFileType = wrapper.plug-in; explicitFileType = undefined; includeInIndex = 0; };
		23F9BEC73D2E46ED9A6D2D0B /* AudioToolbox.framework */ = {isa = PBXFileReference; name = "AudioToolbox.framework"; path = "System/Library/Frameworks/AudioToolbox.framework"; sourceTree = SDKROOT; fileEncoding = undefined; lastKnownFileType = wrapper.framework; explicitFileType = undefined; includeInIndex = 0; };
		C16ABEA1BEAF4B9A96F81C62 /* CDVFileTransfer.m */ = {isa = PBXFileReference; name = "CDVFileTransfer.m"; path = "cordova-plugin-file-transfer/CDVFileTransfer.m"; sourceTree = "<group>"; fileEncoding = 4; lastKnownFileType = sourcecode.c.objc; explicitFileType = undefined; includeInIndex = 0; };
		1AD5D7B3B79247E5A56E773A /* CDVFileTransfer.h */ = {isa = PBXFileReference; name = "CDVFileTransfer.h"; path = "cordova-plugin-file-transfer/CDVFileTransfer.h"; sourceTree = "<group>"; fileEncoding = 4; lastKnownFileType = sourcecode.c.h; explicitFileType = undefined; includeInIndex = 0; };
		BD041AD4D42B433E985E00F9 /* CDVLocation.m */ = {isa = PBXFileReference; name = "CDVLocation.m"; path = "cordova-plugin-geolocation/CDVLocation.m"; sourceTree = "<group>"; fileEncoding = 4; lastKnownFileType = sourcecode.c.objc; explicitFileType = undefined; includeInIndex = 0; };
		E990A99F949D4AC0B2BE46FE /* CDVLocation.h */ = {isa = PBXFileReference; name = "CDVLocation.h"; path = "cordova-plugin-geolocation/CDVLocation.h"; sourceTree = "<group>"; fileEncoding = 4; lastKnownFileType = sourcecode.c.h; explicitFileType = undefined; includeInIndex = 0; };
		D5BBBEA603094B5C8D679B5A /* CDVGlobalization.m */ = {isa = PBXFileReference; name = "CDVGlobalization.m"; path = "cordova-plugin-globalization/CDVGlobalization.m"; sourceTree = "<group>"; fileEncoding = 4; lastKnownFileType = sourcecode.c.objc; explicitFileType = undefined; includeInIndex = 0; };
		7292C11774DD4EF0B52F2741 /* CDVGlobalization.h */ = {isa = PBXFileReference; name = "CDVGlobalization.h"; path = "cordova-plugin-globalization/CDVGlobalization.h"; sourceTree = "<group>"; fileEncoding = 4; lastKnownFileType = sourcecode.c.h; explicitFileType = undefined; includeInIndex = 0; };
		7E07662AE32B464A9EE7FC80 /* CDVInAppBrowser.m */ = {isa = PBXFileReference; name = "CDVInAppBrowser.m"; path = "cordova-plugin-inappbrowser/CDVInAppBrowser.m"; sourceTree = "<group>"; fileEncoding = 4; lastKnownFileType = sourcecode.c.objc; explicitFileType = undefined; includeInIndex = 0; };
		CE805745B793420D8AF448FC /* CDVInAppBrowser.h */ = {isa = PBXFileReference; name = "CDVInAppBrowser.h"; path = "cordova-plugin-inappbrowser/CDVInAppBrowser.h"; sourceTree = "<group>"; fileEncoding = 4; lastKnownFileType = sourcecode.c.h; explicitFileType = undefined; includeInIndex = 0; };
		E99F3D03AE7C4E0DB2EE14B4 /* CDVSound.m */ = {isa = PBXFileReference; name = "CDVSound.m"; path = "cordova-plugin-media/CDVSound.m"; sourceTree = "<group>"; fileEncoding = 4; lastKnownFileType = sourcecode.c.objc; explicitFileType = undefined; includeInIndex = 0; };
		C43B972996AC4C08A2CB6749 /* CDVSound.h */ = {isa = PBXFileReference; name = "CDVSound.h"; path = "cordova-plugin-media/CDVSound.h"; sourceTree = "<group>"; fileEncoding = 4; lastKnownFileType = sourcecode.c.h; explicitFileType = undefined; includeInIndex = 0; };
		939467682483423B9E1627E6 /* CDVConnection.m */ = {isa = PBXFileReference; name = "CDVConnection.m"; path = "cordova-plugin-network-information/CDVConnection.m"; sourceTree = "<group>"; fileEncoding = 4; lastKnownFileType = sourcecode.c.objc; explicitFileType = undefined; includeInIndex = 0; };
		6D3E88CFF5B8409481BF5592 /* CDVReachability.m */ = {isa = PBXFileReference; name = "CDVReachability.m"; path = "cordova-plugin-network-information/CDVReachability.m"; sourceTree = "<group>"; fileEncoding = 4; lastKnownFileType = sourcecode.c.objc; explicitFileType = undefined; includeInIndex = 0; };
		A25F8274947541E48EFFB3D8 /* CDVConnection.h */ = {isa = PBXFileReference; name = "CDVConnection.h"; path = "cordova-plugin-network-information/CDVConnection.h"; sourceTree = "<group>"; fileEncoding = 4; lastKnownFileType = sourcecode.c.h; explicitFileType = undefined; includeInIndex = 0; };
		2A20A4C6F59945AF82CCFAA2 /* CDVReachability.h */ = {isa = PBXFileReference; name = "CDVReachability.h"; path = "cordova-plugin-network-information/CDVReachability.h"; sourceTree = "<group>"; fileEncoding = 4; lastKnownFileType = sourcecode.c.h; explicitFileType = undefined; includeInIndex = 0; };
		28D801010BEE42AEA2036654 /* SystemConfiguration.framework */ = {isa = PBXFileReference; name = "SystemConfiguration.framework"; path = "System/Library/Frameworks/SystemConfiguration.framework"; sourceTree = SDKROOT; fileEncoding = undefined; lastKnownFileType = wrapper.framework; explicitFileType = undefined; includeInIndex = 0; };
		670CF18433E741D9A232107F /* CoreTelephony.framework */ = {isa = PBXFileReference; name = "CoreTelephony.framework"; path = "System/Library/Frameworks/CoreTelephony.framework"; sourceTree = SDKROOT; fileEncoding = undefined; lastKnownFileType = wrapper.framework; explicitFileType = undefined; includeInIndex = 0; };
		FF4689035C4F42F28187ABBE /* CDVSplashScreen.m */ = {isa = PBXFileReference; name = "CDVSplashScreen.m"; path = "cordova-plugin-splashscreen/CDVSplashScreen.m"; sourceTree = "<group>"; fileEncoding = 4; lastKnownFileType = sourcecode.c.objc; explicitFileType = undefined; includeInIndex = 0; };
		1DF775F4EFB34E18865B4A8E /* CDVViewController+SplashScreen.m */ = {isa = PBXFileReference; name = "CDVViewController+SplashScreen.m"; path = "cordova-plugin-splashscreen/CDVViewController+SplashScreen.m"; sourceTree = "<group>"; fileEncoding = 4; lastKnownFileType = sourcecode.c.objc; explicitFileType = undefined; includeInIndex = 0; };
		FB1ED51D77EF4EA984FABF80 /* CDVSplashScreen.h */ = {isa = PBXFileReference; name = "CDVSplashScreen.h"; path = "cordova-plugin-splashscreen/CDVSplashScreen.h"; sourceTree = "<group>"; fileEncoding = 4; lastKnownFileType = sourcecode.c.h; explicitFileType = undefined; includeInIndex = 0; };
		D7B9B8C234F944A0B72EECEF /* CDVViewController+SplashScreen.h */ = {isa = PBXFileReference; name = "CDVViewController+SplashScreen.h"; path = "cordova-plugin-splashscreen/CDVViewController+SplashScreen.h"; sourceTree = "<group>"; fileEncoding = 4; lastKnownFileType = sourcecode.c.h; explicitFileType = undefined; includeInIndex = 0; };
		07D09412EFB340BFA3F0687A /* CDVStatusBar.m */ = {isa = PBXFileReference; name = "CDVStatusBar.m"; path = "cordova-plugin-statusbar/CDVStatusBar.m"; sourceTree = "<group>"; fileEncoding = 4; lastKnownFileType = sourcecode.c.objc; explicitFileType = undefined; includeInIndex = 0; };
		AB6E68056CBE4F06849DD5D5 /* CDVStatusBar.h */ = {isa = PBXFileReference; name = "CDVStatusBar.h"; path = "cordova-plugin-statusbar/CDVStatusBar.h"; sourceTree = "<group>"; fileEncoding = 4; lastKnownFileType = sourcecode.c.h; explicitFileType = undefined; includeInIndex = 0; };
		2724588C9A7A4983BBB2CD6E /* CDVVibration.m */ = {isa = PBXFileReference; name = "CDVVibration.m"; path = "cordova-plugin-vibration/CDVVibration.m"; sourceTree = "<group>"; fileEncoding = 4; lastKnownFileType = sourcecode.c.objc; explicitFileType = undefined; includeInIndex = 0; };
		C290811B0C37457D8BED5463 /* CDVVibration.h */ = {isa = PBXFileReference; name = "CDVVibration.h"; path = "cordova-plugin-vibration/CDVVibration.h"; sourceTree = "<group>"; fileEncoding = 4; lastKnownFileType = sourcecode.c.h; explicitFileType = undefined; includeInIndex = 0; };
/* End PBXFileReference section */

/* Begin PBXFrameworksBuildPhase section */
		1D60588F0D05DD3D006BFB54 /* Frameworks */ = {
			isa = PBXFrameworksBuildPhase;
			buildActionMask = 2147483647;
			files = (
				301BF552109A68D80062928A /* libCordova.a in Frameworks */,
				982646A0E7664341A77610EB /* ImageIO.framework in Frameworks */,
				DC83928E4C944453AB7F7104 /* CoreLocation.framework in Frameworks */,
				E9DF6175834847A8895BDE44 /* AVFoundation.framework in Frameworks */,
				9326C87DE71C4C4AA90A10D3 /* AddressBook.framework in Frameworks */,
				65A5BBE42BF84B2093F0AEAF /* AddressBookUI.framework in Frameworks */,
				81CF9FF0A4CF4C4D8B9F3284 /* CoreMotion.framework in Frameworks */,
				AAE85C6F6C0C423BB76B8656 /* AudioToolbox.framework in Frameworks */,
				66A07823BAFB4255B48D7796 /* SystemConfiguration.framework in Frameworks */,
				A8B4A49678164C7D993B5880 /* CoreTelephony.framework in Frameworks */,
			);
			runOnlyForDeploymentPostprocessing = 0;
		};
/* End PBXFrameworksBuildPhase section */

/* Begin PBXGroup section */
		080E96DDFE201D6D7F000001 /* Classes */ = {
			isa = PBXGroup;
			children = (
				302D95EE14D2391D003F00A1 /* MainViewController.h */,
				302D95EF14D2391D003F00A1 /* MainViewController.m */,
				302D95F014D2391D003F00A1 /* MainViewController.xib */,
				1D3623240D0F684500981E51 /* AppDelegate.h */,
				1D3623250D0F684500981E51 /* AppDelegate.m */,
			);
			name = Classes;
			path = "Hello World/Classes";
			sourceTree = SOURCE_ROOT;
		};
		19C28FACFE9D520D11CA2CBB /* Products */ = {
			isa = PBXGroup;
			children = (
				1D6058910D05DD3D006BFB54 /* Hello World.app */,
			);
			name = Products;
			sourceTree = "<group>";
		};
		29B97314FDCFA39411CA2CEA /* CustomTemplate */ = {
			isa = PBXGroup;
			children = (
				EB87FDF41871DAF40020F90C /* config.xml */,
				EB87FDF31871DA8E0020F90C /* www */,
				EB87FDF11871DA420020F90C /* Staging */,
				301BF52D109A57CC0062928A /* CordovaLib.xcodeproj */,
				080E96DDFE201D6D7F000001 /* Classes */,
				307C750510C5A3420062BCA9 /* Plugins */,
				29B97315FDCFA39411CA2CEA /* Other Sources */,
				29B97317FDCFA39411CA2CEA /* Resources */,
				29B97323FDCFA39411CA2CEA /* Frameworks */,
				19C28FACFE9D520D11CA2CBB /* Products */,
			);
			name = CustomTemplate;
			sourceTree = "<group>";
		};
		29B97315FDCFA39411CA2CEA /* Other Sources */ = {
			isa = PBXGroup;
			children = (
				32CA4F630368D1EE00C91783 /* Hello World-Prefix.pch */,
				29B97316FDCFA39411CA2CEA /* main.m */,
				ED33DF2A687741AEAF9F8254 /* Bridging-Header.h */,
			);
			name = "Other Sources";
			path = "Hello World";
			sourceTree = "<group>";
		};
		29B97317FDCFA39411CA2CEA /* Resources */ = {
			isa = PBXGroup;
			children = (
				0207DA571B56EA530066E2B4 /* Images.xcassets */,
				3047A50E1AB8057F00498E2A /* config */,
				8D1107310486CEB800E47090 /* Hello World-Info.plist */,
				E006C8DF027A4C1580A754A4 /* CDVCapture.bundle */,
				F214B08C5D304ED687AD3755 /* CDVNotification.bundle */,
			);
			name = Resources;
			path = "Hello World/Resources";
			sourceTree = "<group>";
		};
		29B97323FDCFA39411CA2CEA /* Frameworks */ = {
			isa = PBXGroup;
			children = (
				D4287A5208954FB0991DBC20 /* ImageIO.framework */,
				339A58F724FA471998875275 /* CoreLocation.framework */,
				C4DA839F85B849A6996F8A02 /* AVFoundation.framework */,
				62C7F96D8F1149C2A9561063 /* AddressBook.framework */,
				156DA4F4BC7E4902B004A2A4 /* AddressBookUI.framework */,
				E53EA89F6F634B6AB90273BE /* CoreMotion.framework */,
				23F9BEC73D2E46ED9A6D2D0B /* AudioToolbox.framework */,
				28D801010BEE42AEA2036654 /* SystemConfiguration.framework */,
				670CF18433E741D9A232107F /* CoreTelephony.framework */,
			);
			name = Frameworks;
			sourceTree = "<group>";
		};
		301BF52E109A57CC0062928A /* Products */ = {
			isa = PBXGroup;
			children = (
				301BF535109A57CC0062928A /* libCordova.a */,
			);
			name = Products;
			sourceTree = "<group>";
		};
		3047A50E1AB8057F00498E2A /* config */ = {
			isa = PBXGroup;
			children = (
				3047A50F1AB8059700498E2A /* build-debug.xcconfig */,
				3047A5101AB8059700498E2A /* build-release.xcconfig */,
				3047A5111AB8059700498E2A /* build.xcconfig */,
			);
			name = config;
			sourceTree = "<group>";
		};
		307C750510C5A3420062BCA9 /* Plugins */ = {
			isa = PBXGroup;
			children = (
				0D6B303D694B4276ACC0330C /* CDVBattery.m */,
				FA88D2309DBC4136876DDB34 /* CDVBattery.h */,
				AED1470A461543C7B700B42C /* UIImage+CropScaleOrientation.m */,
				E2D3B810BBF54307AE0D642D /* CDVCamera.m */,
				A93B591079D14E02A48CAC83 /* CDVJpegHeaderWriter.m */,
				1D3348748516465CBE4E28AB /* UIImage+CropScaleOrientation.h */,
				E30CF73B6C454FF8AF306DD4 /* CDVCamera.h */,
				F981D22E98364C54B5375D2F /* CDVJpegHeaderWriter.h */,
				8551A4F0F20A48F699A80E04 /* CDVExif.h */,
				1A201D71AC8C4A8AAB8B0A7B /* CDVFile.m */,
				B0288F7225DE41F0BD4024C1 /* CDVLocalFilesystem.m */,
				75933C3A58A9452A86A48F3C /* CDVAssetLibraryFilesystem.m */,
				D38E8DC648744CB59D5B8C00 /* CDVFile.h */,
				09277D224BA1469CA7D4189C /* CDVLocalFilesystem.h */,
				5B6B10A6B82F499F9A7EA347 /* CDVAssetLibraryFilesystem.h */,
				4821866FBCEF4C7AB386811A /* CDVCapture.m */,
				1FD82B74E8F5422A82964268 /* CDVCapture.h */,
				793F6E5ABC824E23A220800D /* CDVLogger.m */,
				71F677A183414EACA41D347E /* CDVLogger.h */,
				2F7CABB0DA8049EA99E94368 /* CDVContacts.m */,
				CBD951FC17B143E9BC12BA8E /* CDVContact.m */,
				631D717749AE4BC9A19F8D33 /* CDVContacts.h */,
				1D81338D46494F8591479F3E /* CDVContact.h */,
				50560C2E58D64BEF84768A7D /* CDVDevice.m */,
				3C0D88AC22A74E2CAB70DB32 /* CDVDevice.h */,
				B9649735DE114C89BBCD2507 /* CDVAccelerometer.m */,
				DAC48AD02ECA4A99BEFA8CFC /* CDVAccelerometer.h */,
				2C3C4F73EBAB4D9C9724B4C2 /* CDVCompass.m */,
				0C24C5E64DD74AEC81BCD607 /* CDVCompass.h */,
				5B639533B9F94831AC1D4059 /* CDVNotification.m */,
				1E8D15758A034E54B759B97D /* CDVNotification.h */,
				C16ABEA1BEAF4B9A96F81C62 /* CDVFileTransfer.m */,
				1AD5D7B3B79247E5A56E773A /* CDVFileTransfer.h */,
				BD041AD4D42B433E985E00F9 /* CDVLocation.m */,
				E990A99F949D4AC0B2BE46FE /* CDVLocation.h */,
				D5BBBEA603094B5C8D679B5A /* CDVGlobalization.m */,
				7292C11774DD4EF0B52F2741 /* CDVGlobalization.h */,
				7E07662AE32B464A9EE7FC80 /* CDVInAppBrowser.m */,
				CE805745B793420D8AF448FC /* CDVInAppBrowser.h */,
				E99F3D03AE7C4E0DB2EE14B4 /* CDVSound.m */,
				C43B972996AC4C08A2CB6749 /* CDVSound.h */,
				939467682483423B9E1627E6 /* CDVConnection.m */,
				6D3E88CFF5B8409481BF5592 /* CDVReachability.m */,
				A25F8274947541E48EFFB3D8 /* CDVConnection.h */,
				2A20A4C6F59945AF82CCFAA2 /* CDVReachability.h */,
				FF4689035C4F42F28187ABBE /* CDVSplashScreen.m */,
				1DF775F4EFB34E18865B4A8E /* CDVViewController+SplashScreen.m */,
				FB1ED51D77EF4EA984FABF80 /* CDVSplashScreen.h */,
				D7B9B8C234F944A0B72EECEF /* CDVViewController+SplashScreen.h */,
				07D09412EFB340BFA3F0687A /* CDVStatusBar.m */,
				AB6E68056CBE4F06849DD5D5 /* CDVStatusBar.h */,
				2724588C9A7A4983BBB2CD6E /* CDVVibration.m */,
				C290811B0C37457D8BED5463 /* CDVVibration.h */,
			);
			name = Plugins;
			path = "Hello World/Plugins";
			sourceTree = SOURCE_ROOT;
		};
		EB87FDF11871DA420020F90C /* Staging */ = {
			isa = PBXGroup;
			children = (
				F840E1F0165FE0F500CFE078 /* config.xml */,
				301BF56E109A69640062928A /* www */,
			);
			name = Staging;
			sourceTree = "<group>";
		};
/* End PBXGroup section */

/* Begin PBXNativeTarget section */
		1D6058900D05DD3D006BFB54 /* Hello World */ = {
			isa = PBXNativeTarget;
			buildConfigurationList = 1D6058960D05DD3E006BFB54 /* Build configuration list for PBXNativeTarget "Hello World" */;
			buildPhases = (
				304B58A110DAC018002A0835 /* Copy www directory */,
				1D60588D0D05DD3D006BFB54 /* Resources */,
				1D60588E0D05DD3D006BFB54 /* Sources */,
				1D60588F0D05DD3D006BFB54 /* Frameworks */,
			);
			buildRules = (
			);
			dependencies = (
				301BF551109A68C00062928A /* PBXTargetDependency */,
			);
			name = "Hello World";
			productName = "Hello World";
			productReference = 1D6058910D05DD3D006BFB54 /* Hello World.app */;
			productType = "com.apple.product-type.application";
		};
/* End PBXNativeTarget section */

/* Begin PBXProject section */
		29B97313FDCFA39411CA2CEA /* Project object */ = {
			isa = PBXProject;
			attributes = {
				LastUpgradeCheck = 510;
			};
			buildConfigurationList = C01FCF4E08A954540054247B /* Build configuration list for PBXProject "__NON-CLI__" */;
			compatibilityVersion = "Xcode 3.2";
			developmentRegion = English;
			hasScannedForEncodings = 1;
			mainGroup = 29B97314FDCFA39411CA2CEA /* CustomTemplate */;
			projectDirPath = "";
			projectReferences = (
				{
					ProductGroup = 301BF52E109A57CC0062928A /* Products */;
					ProjectRef = 301BF52D109A57CC0062928A /* CordovaLib.xcodeproj */;
				},
			);
			projectRoot = "";
			targets = (
				1D6058900D05DD3D006BFB54 /* Hello World */,
			);
		};
/* End PBXProject section */

/* Begin PBXReferenceProxy section */
		301BF535109A57CC0062928A /* libCordova.a */ = {
			isa = PBXReferenceProxy;
			fileType = archive.ar;
			path = libCordova.a;
			remoteRef = 301BF534109A57CC0062928A /* PBXContainerItemProxy */;
			sourceTree = BUILT_PRODUCTS_DIR;
		};
/* End PBXReferenceProxy section */

/* Begin PBXResourcesBuildPhase section */
		1D60588D0D05DD3D006BFB54 /* Resources */ = {
			isa = PBXResourcesBuildPhase;
			buildActionMask = 2147483647;
			files = (
				302D95F214D2391D003F00A1 /* MainViewController.xib in Resources */,
				3047A5131AB8059700498E2A /* build-release.xcconfig in Resources */,
				3047A5141AB8059700498E2A /* build.xcconfig in Resources */,
				0207DA581B56EA530066E2B4 /* Images.xcassets in Resources */,
				3047A5121AB8059700498E2A /* build-debug.xcconfig in Resources */,
				3D4A877569234A05B448ED2A /* CDVCapture.bundle in Resources */,
				8224D88A5C5146F181CE5ECA /* CDVNotification.bundle in Resources */,
			);
			runOnlyForDeploymentPostprocessing = 0;
		};
/* End PBXResourcesBuildPhase section */

/* Begin PBXShellScriptBuildPhase section */
		304B58A110DAC018002A0835 /* Copy www directory */ = {
			isa = PBXShellScriptBuildPhase;
			buildActionMask = 2147483647;
			files = (
			);
			inputPaths = (
			);
			name = "Copy www directory";
			outputPaths = (
			);
			runOnlyForDeploymentPostprocessing = 0;
			shellPath = /bin/sh;
			shellScript = "NODEJS_PATH=/usr/local/bin; NVM_NODE_PATH=~/.nvm/versions/node/`nvm version 2>/dev/null`/bin; N_NODE_PATH=`find /usr/local/n/versions/node/* -maxdepth 0 -type d 2>/dev/null | tail -1`/bin; XCODE_NODE_PATH=`xcode-select --print-path`/usr/share/xcs/Node/bin; PATH=$NODEJS_PATH:$NVM_NODE_PATH:$N_NODE_PATH:$XCODE_NODE_PATH:$PATH && node cordova/lib/copy-www-build-step.js";
			showEnvVarsInLog = 0;
		};
/* End PBXShellScriptBuildPhase section */

/* Begin PBXSourcesBuildPhase section */
		1D60588E0D05DD3D006BFB54 /* Sources */ = {
			isa = PBXSourcesBuildPhase;
			buildActionMask = 2147483647;
			files = (
				1D60589B0D05DD56006BFB54 /* main.m in Sources */,
				1D3623260D0F684500981E51 /* AppDelegate.m in Sources */,
				302D95F114D2391D003F00A1 /* MainViewController.m in Sources */,
				E329C62964314AE1BE52F1B3 /* CDVBattery.m in Sources */,
				1748D65D967A4CDEA84E7E55 /* UIImage+CropScaleOrientation.m in Sources */,
				1C36900B4DE54629A0052DEE /* CDVCamera.m in Sources */,
				88209D7A7FD441A9AD6D0EFA /* CDVJpegHeaderWriter.m in Sources */,
				7062C161379D45E0BCED9E4D /* CDVFile.m in Sources */,
				409E1852B9D34A55B67EDFD5 /* CDVLocalFilesystem.m in Sources */,
				ABEA089930714C55B7BE7637 /* CDVAssetLibraryFilesystem.m in Sources */,
				4BC126B7C6C14BD68F6F8FB3 /* CDVCapture.m in Sources */,
				BB5DC56C65BF4683AE936926 /* CDVLogger.m in Sources */,
				619C0FF2A9F54542BDAA9FEA /* CDVContacts.m in Sources */,
				46199D5FC73845368048E11A /* CDVContact.m in Sources */,
				D65968F2933349B39B0BC915 /* CDVDevice.m in Sources */,
				AEFFF38F23FD445092EE1F9D /* CDVAccelerometer.m in Sources */,
				33FCC37B803046B785209249 /* CDVCompass.m in Sources */,
				DB57DD48C7A8402C82D6E4F9 /* CDVNotification.m in Sources */,
				9006982A212D40D291523511 /* CDVFileTransfer.m in Sources */,
				458DD9E8A70F4F928EE73959 /* CDVLocation.m in Sources */,
				E95EE20CDDD0451CB2DFC961 /* CDVGlobalization.m in Sources */,
				0D1130B230ED4BC5953C8EC4 /* CDVInAppBrowser.m in Sources */,
				57957225CCB04CF4A3B524F5 /* CDVSound.m in Sources */,
				C4FD4E2F44B74713A3E17441 /* CDVConnection.m in Sources */,
				4348C1FD50CC4A05B6A784F6 /* CDVReachability.m in Sources */,
				5C3C0C9C401E42A68C660BD8 /* CDVSplashScreen.m in Sources */,
				36346E36186E4B428875BB64 /* CDVViewController+SplashScreen.m in Sources */,
				06787EBD41C14577A0C08B17 /* CDVStatusBar.m in Sources */,
				E502CA9BAFEE48DFBA395FD4 /* CDVVibration.m in Sources */,
			);
			runOnlyForDeploymentPostprocessing = 0;
		};
/* End PBXSourcesBuildPhase section */

/* Begin PBXTargetDependency section */
		301BF551109A68C00062928A /* PBXTargetDependency */ = {
			isa = PBXTargetDependency;
			name = CordovaLib;
			targetProxy = 301BF550109A68C00062928A /* PBXContainerItemProxy */;
		};
/* End PBXTargetDependency section */

/* Begin XCBuildConfiguration section */
		1D6058940D05DD3E006BFB54 /* Debug */ = {
			isa = XCBuildConfiguration;
			baseConfigurationReference = 3047A50F1AB8059700498E2A /* build-debug.xcconfig */;
			buildSettings = {
				ALWAYS_SEARCH_USER_PATHS = NO;
				ASSETCATALOG_COMPILER_APPICON_NAME = AppIcon;
				ASSETCATALOG_COMPILER_LAUNCHIMAGE_NAME = LaunchImage;
				CLANG_ENABLE_MODULES = YES;
				CLANG_ENABLE_OBJC_ARC = YES;
				COPY_PHASE_STRIP = NO;
				GCC_DYNAMIC_NO_PIC = NO;
				GCC_OPTIMIZATION_LEVEL = 0;
				GCC_PRECOMPILE_PREFIX_HEADER = YES;
				GCC_PREFIX_HEADER = "Hello World/Hello World-Prefix.pch";
				GCC_THUMB_SUPPORT = NO;
				GCC_VERSION = "";
				INFOPLIST_FILE = "Hello World/Hello World-Info.plist";
				LD_RUNPATH_SEARCH_PATHS = "@executable_path/Frameworks";
				PRODUCT_NAME = "Hello World";
			};
			name = Debug;
		};
		1D6058950D05DD3E006BFB54 /* Release */ = {
			isa = XCBuildConfiguration;
			baseConfigurationReference = 3047A5101AB8059700498E2A /* build-release.xcconfig */;
			buildSettings = {
				ALWAYS_SEARCH_USER_PATHS = NO;
				ASSETCATALOG_COMPILER_APPICON_NAME = AppIcon;
				ASSETCATALOG_COMPILER_LAUNCHIMAGE_NAME = LaunchImage;
				CLANG_ENABLE_MODULES = YES;
				CLANG_ENABLE_OBJC_ARC = YES;
				COPY_PHASE_STRIP = YES;
				GCC_PRECOMPILE_PREFIX_HEADER = YES;
				GCC_PREFIX_HEADER = "Hello World/Hello World-Prefix.pch";
				GCC_THUMB_SUPPORT = NO;
				GCC_VERSION = "";
				INFOPLIST_FILE = "Hello World/Hello World-Info.plist";
				PRODUCT_NAME = "Hello World";
			};
			name = Release;
		};
		C01FCF4F08A954540054247B /* Debug */ = {
			isa = XCBuildConfiguration;
			baseConfigurationReference = 3047A5111AB8059700498E2A /* build.xcconfig */;
			buildSettings = {
				CLANG_ENABLE_MODULES = YES;
				CLANG_ENABLE_OBJC_ARC = YES;
				CLANG_WARN_BOOL_CONVERSION = YES;
				CLANG_WARN_CONSTANT_CONVERSION = YES;
				CLANG_WARN_EMPTY_BODY = YES;
				CLANG_WARN_ENUM_CONVERSION = YES;
				CLANG_WARN_INT_CONVERSION = YES;
				CLANG_WARN__DUPLICATE_METHOD_MATCH = YES;
				GCC_C_LANGUAGE_STANDARD = c99;
				GCC_THUMB_SUPPORT = NO;
				GCC_VERSION = "";
				GCC_WARN_ABOUT_RETURN_TYPE = YES;
				GCC_WARN_UNDECLARED_SELECTOR = YES;
				GCC_WARN_UNINITIALIZED_AUTOS = YES;
				GCC_WARN_UNUSED_FUNCTION = YES;
				GCC_WARN_UNUSED_VARIABLE = YES;
				ONLY_ACTIVE_ARCH = YES;
				SDKROOT = iphoneos;
				SKIP_INSTALL = NO;
			};
			name = Debug;
		};
		C01FCF5008A954540054247B /* Release */ = {
			isa = XCBuildConfiguration;
			baseConfigurationReference = 3047A5111AB8059700498E2A /* build.xcconfig */;
			buildSettings = {
				CLANG_ENABLE_MODULES = YES;
				CLANG_ENABLE_OBJC_ARC = YES;
				CLANG_WARN_BOOL_CONVERSION = YES;
				CLANG_WARN_CONSTANT_CONVERSION = YES;
				CLANG_WARN_EMPTY_BODY = YES;
				CLANG_WARN_ENUM_CONVERSION = YES;
				CLANG_WARN_INT_CONVERSION = YES;
				CLANG_WARN__DUPLICATE_METHOD_MATCH = YES;
				GCC_C_LANGUAGE_STANDARD = c99;
				GCC_THUMB_SUPPORT = NO;
				GCC_VERSION = "";
				GCC_WARN_ABOUT_RETURN_TYPE = YES;
				GCC_WARN_UNDECLARED_SELECTOR = YES;
				GCC_WARN_UNINITIALIZED_AUTOS = YES;
				GCC_WARN_UNUSED_FUNCTION = YES;
				GCC_WARN_UNUSED_VARIABLE = YES;
				SDKROOT = iphoneos;
				SKIP_INSTALL = NO;
			};
			name = Release;
		};
/* End XCBuildConfiguration section */

/* Begin XCConfigurationList section */
		1D6058960D05DD3E006BFB54 /* Build configuration list for PBXNativeTarget "Hello World" */ = {
			isa = XCConfigurationList;
			buildConfigurations = (
				1D6058940D05DD3E006BFB54 /* Debug */,
				1D6058950D05DD3E006BFB54 /* Release */,
			);
			defaultConfigurationIsVisible = 0;
			defaultConfigurationName = Release;
		};
		C01FCF4E08A954540054247B /* Build configuration list for PBXProject "__NON-CLI__" */ = {
			isa = XCConfigurationList;
			buildConfigurations = (
				C01FCF4F08A954540054247B /* Debug */,
				C01FCF5008A954540054247B /* Release */,
			);
			defaultConfigurationIsVisible = 0;
			defaultConfigurationName = Release;
		};
/* End XCConfigurationList section */
	};
	rootObject = 29B97313FDCFA39411CA2CEA /* Project object */;
}
