// !$*UTF8*$!
{
	archiveVersion = 1;
	classes = {
	};
	objectVersion = 46;
	objects = {

/* Begin PBXBuildFile section */
		7492FB011D76D0E3002500DE /* AppDelegate.swift in Sources */ = {isa = PBXBuildFile; fileRef = 7492FB001D76D0E3002500DE /* AppDelegate.swift */; };
		7492FB031D76D0E3002500DE /* ViewController.swift in Sources */ = {isa = PBXBuildFile; fileRef = 7492FB021D76D0E3002500DE /* ViewController.swift */; };
		7492FB061D76D0E3002500DE /* Main.storyboard in Resources */ = {isa = PBXBuildFile; fileRef = 7492FB041D76D0E3002500DE /* Main.storyboard */; };
		7492FB081D76D0E3002500DE /* Assets.xcassets in Resources */ = {isa = PBXBuildFile; fileRef = 7492FB071D76D0E3002500DE /* Assets.xcassets */; };
		7492FB0B1D76D0E3002500DE /* LaunchScreen.storyboard in Resources */ = {isa = PBXBuildFile; fileRef = 7492FB091D76D0E3002500DE /* LaunchScreen.storyboard */; };
		7492FB131D76D1AF002500DE /* web in Resources */ = {isa = PBXBuildFile; fileRef = 7492FB121D76D1AF002500DE /* web */; };
/* End PBXBuildFile section */

/* Begin PBXFileReference section */
		7492FAFD1D76D0E3002500DE /* Pozi.app */ = {isa = PBXFileReference; explicitFileType = wrapper.application; includeInIndex = 0; path = Pozi.app; sourceTree = BUILT_PRODUCTS_DIR; };
		7492FB001D76D0E3002500DE /* AppDelegate.swift */ = {isa = PBXFileReference; lastKnownFileType = sourcecode.swift; path = AppDelegate.swift; sourceTree = "<group>"; };
		7492FB021D76D0E3002500DE /* ViewController.swift */ = {isa = PBXFileReference; lastKnownFileType = sourcecode.swift; path = ViewController.swift; sourceTree = "<group>"; };
		7492FB051D76D0E3002500DE /* Base */ = {isa = PBXFileReference; lastKnownFileType = file.storyboard; name = Base; path = Base.lproj/Main.storyboard; sourceTree = "<group>"; };
		7492FB071D76D0E3002500DE /* Assets.xcassets */ = {isa = PBXFileReference; lastKnownFileType = folder.assetcatalog; path = Assets.xcassets; sourceTree = "<group>"; };
		7492FB0A1D76D0E3002500DE /* Base */ = {isa = PBXFileReference; lastKnownFileType = file.storyboard; name = Base; path = Base.lproj/LaunchScreen.storyboard; sourceTree = "<group>"; };
		7492FB0C1D76D0E3002500DE /* Info.plist */ = {isa = PBXFileReference; lastKnownFileType = text.plist.xml; path = Info.plist; sourceTree = "<group>"; };
		7492FB121D76D1AF002500DE /* web */ = {isa = PBXFileReference; lastKnownFileType = folder; name = web; path = ../../web; sourceTree = "<group>"; };
/* End PBXFileReference section */

/* Begin PBXFrameworksBuildPhase section */
		7492FAFA1D76D0E3002500DE /* Frameworks */ = {
			isa = PBXFrameworksBuildPhase;
			buildActionMask = 2147483647;
			files = (
			);
			runOnlyForDeploymentPostprocessing = 0;
		};
/* End PBXFrameworksBuildPhase section */

/* Begin PBXGroup section */
		7492FAF41D76D0E3002500DE = {
			isa = PBXGroup;
			children = (
				7492FAFF1D76D0E3002500DE /* Pozi */,
				7492FAFE1D76D0E3002500DE /* Products */,
			);
			sourceTree = "<group>";
		};
		7492FAFE1D76D0E3002500DE /* Products */ = {
			isa = PBXGroup;
			children = (
				7492FAFD1D76D0E3002500DE /* Pozi.app */,
			);
			name = Products;
			sourceTree = "<group>";
		};
		7492FAFF1D76D0E3002500DE /* Pozi */ = {
			isa = PBXGroup;
			children = (
				7492FB121D76D1AF002500DE /* web */,
				7492FB001D76D0E3002500DE /* AppDelegate.swift */,
				7492FB021D76D0E3002500DE /* ViewController.swift */,
				7492FB041D76D0E3002500DE /* Main.storyboard */,
				7492FB071D76D0E3002500DE /* Assets.xcassets */,
				7492FB091D76D0E3002500DE /* LaunchScreen.storyboard */,
				7492FB0C1D76D0E3002500DE /* Info.plist */,
			);
			path = Pozi;
			sourceTree = "<group>";
		};
/* End PBXGroup section */

/* Begin PBXNativeTarget section */
		7492FAFC1D76D0E3002500DE /* Pozi */ = {
			isa = PBXNativeTarget;
			buildConfigurationList = 7492FB0F1D76D0E3002500DE /* Build configuration list for PBXNativeTarget "Pozi" */;
			buildPhases = (
				7492FAF91D76D0E3002500DE /* Sources */,
				7492FAFA1D76D0E3002500DE /* Frameworks */,
				7492FAFB1D76D0E3002500DE /* Resources */,
			);
			buildRules = (
			);
			dependencies = (
			);
			name = Pozi;
			productName = Pozi;
			productReference = 7492FAFD1D76D0E3002500DE /* Pozi.app */;
			productType = "com.apple.product-type.application";
		};
/* End PBXNativeTarget section */

/* Begin PBXProject section */
		7492FAF51D76D0E3002500DE /* Project object */ = {
			isa = PBXProject;
			attributes = {
				LastSwiftUpdateCheck = 0730;
				LastUpgradeCheck = 0730;
				ORGANIZATIONNAME = pozi;
				TargetAttributes = {
					7492FAFC1D76D0E3002500DE = {
						CreatedOnToolsVersion = 7.3;
					};
				};
			};
			buildConfigurationList = 7492FAF81D76D0E3002500DE /* Build configuration list for PBXProject "Pozi" */;
			compatibilityVersion = "Xcode 3.2";
			developmentRegion = English;
			hasScannedForEncodings = 0;
			knownRegions = (
				en,
				Base,
			);
			mainGroup = 7492FAF41D76D0E3002500DE;
			productRefGroup = 7492FAFE1D76D0E3002500DE /* Products */;
			projectDirPath = "";
			projectRoot = "";
			targets = (
				7492FAFC1D76D0E3002500DE /* Pozi */,
			);
		};
/* End PBXProject section */

/* Begin PBXResourcesBuildPhase section */
		7492FAFB1D76D0E3002500DE /* Resources */ = {
			isa = PBXResourcesBuildPhase;
			buildActionMask = 2147483647;
			files = (
				7492FB0B1D76D0E3002500DE /* LaunchScreen.storyboard in Resources */,
				7492FB131D76D1AF002500DE /* web in Resources */,
				7492FB081D76D0E3002500DE /* Assets.xcassets in Resources */,
				7492FB061D76D0E3002500DE /* Main.storyboard in Resources */,
			);
			runOnlyForDeploymentPostprocessing = 0;
		};
/* End PBXResourcesBuildPhase section */

/* Begin PBXSourcesBuildPhase section */
		7492FAF91D76D0E3002500DE /* Sources */ = {
			isa = PBXSourcesBuildPhase;
			buildActionMask = 2147483647;
			files = (
				7492FB031D76D0E3002500DE /* ViewController.swift in Sources */,
				7492FB011D76D0E3002500DE /* AppDelegate.swift in Sources */,
			);
			runOnlyForDeploymentPostprocessing = 0;
		};
/* End PBXSourcesBuildPhase section */

/* Begin PBXVariantGroup section */
		7492FB041D76D0E3002500DE /* Main.storyboard */ = {
			isa = PBXVariantGroup;
			children = (
				7492FB051D76D0E3002500DE /* Base */,
			);
			name = Main.storyboard;
			sourceTree = "<group>";
		};
		7492FB091D76D0E3002500DE /* LaunchScreen.storyboard */ = {
			isa = PBXVariantGroup;
			children = (
				7492FB0A1D76D0E3002500DE /* Base */,
			);
			name = LaunchScreen.storyboard;
			sourceTree = "<group>";
		};
/* End PBXVariantGroup section */

/* Begin XCBuildConfiguration section */
		7492FB0D1D76D0E3002500DE /* Debug */ = {
			isa = XCBuildConfiguration;
			buildSettings = {
				ALWAYS_SEARCH_USER_PATHS = NO;
				CLANG_ANALYZER_NONNULL = YES;
				CLANG_CXX_LANGUAGE_STANDARD = "gnu++0x";
				CLANG_CXX_LIBRARY = "libc++";
				CLANG_ENABLE_MODULES = YES;
				CLANG_ENABLE_OBJC_ARC = YES;
				CLANG_WARN_BOOL_CONVERSION = YES;
				CLANG_WARN_CONSTANT_CONVERSION = YES;
				CLANG_WARN_DIRECT_OBJC_ISA_USAGE = YES_ERROR;
				CLANG_WARN_EMPTY_BODY = YES;
				CLANG_WARN_ENUM_CONVERSION = YES;
				CLANG_WARN_INT_CONVERSION = YES;
				CLANG_WARN_OBJC_ROOT_CLASS = YES_ERROR;
				CLANG_WARN_UNREACHABLE_CODE = YES;
				CLANG_WARN__DUPLICATE_METHOD_MATCH = YES;
				"CODE_SIGN_IDENTITY[sdk=iphoneos*]" = "iPhone Developer";
				COPY_PHASE_STRIP = NO;
				DEBUG_INFORMATION_FORMAT = dwarf;
				ENABLE_STRICT_OBJC_MSGSEND = YES;
				ENABLE_TESTABILITY = YES;
				GCC_C_LANGUAGE_STANDARD = gnu99;
				GCC_DYNAMIC_NO_PIC = NO;
				GCC_NO_COMMON_BLOCKS = YES;
				GCC_OPTIMIZATION_LEVEL = 0;
				GCC_PREPROCESSOR_DEFINITIONS = (
					"DEBUG=1",
					"$(inherited)",
				);
				GCC_WARN_64_TO_32_BIT_CONVERSION = YES;
				GCC_WARN_ABOUT_RETURN_TYPE = YES_ERROR;
				GCC_WARN_UNDECLARED_SELECTOR = YES;
				GCC_WARN_UNINITIALIZED_AUTOS = YES_AGGRESSIVE;
				GCC_WARN_UNUSED_FUNCTION = YES;
				GCC_WARN_UNUSED_VARIABLE = YES;
				IPHONEOS_DEPLOYMENT_TARGET = 9.3;
				MTL_ENABLE_DEBUG_INFO = YES;
				ONLY_ACTIVE_ARCH = YES;
				SDKROOT = iphoneos;
				SWIFT_OPTIMIZATION_LEVEL = "-Onone";
				TARGETED_DEVICE_FAMILY = "1,2";
			};
			name = Debug;
		};
		7492FB0E1D76D0E3002500DE /* Release */ = {
			isa = XCBuildConfiguration;
			buildSettings = {
				ALWAYS_SEARCH_USER_PATHS = NO;
				CLANG_ANALYZER_NONNULL = YES;
				CLANG_CXX_LANGUAGE_STANDARD = "gnu++0x";
				CLANG_CXX_LIBRARY = "libc++";
				CLANG_ENABLE_MODULES = YES;
				CLANG_ENABLE_OBJC_ARC = YES;
				CLANG_WARN_BOOL_CONVERSION = YES;
				CLANG_WARN_CONSTANT_CONVERSION = YES;
				CLANG_WARN_DIRECT_OBJC_ISA_USAGE = YES_ERROR;
				CLANG_WARN_EMPTY_BODY = YES;
				CLANG_WARN_ENUM_CONVERSION = YES;
				CLANG_WARN_INT_CONVERSION = YES;
				CLANG_WARN_OBJC_ROOT_CLASS = YES_ERROR;
				CLANG_WARN_UNREACHABLE_CODE = YES;
				CLANG_WARN__DUPLICATE_METHOD_MATCH = YES;
				"CODE_SIGN_IDENTITY[sdk=iphoneos*]" = "iPhone Developer";
				COPY_PHASE_STRIP = NO;
				DEBUG_INFORMATION_FORMAT = "dwarf-with-dsym";
				ENABLE_NS_ASSERTIONS = NO;
				ENABLE_STRICT_OBJC_MSGSEND = YES;
				GCC_C_LANGUAGE_STANDARD = gnu99;
				GCC_NO_COMMON_BLOCKS = YES;
				GCC_WARN_64_TO_32_BIT_CONVERSION = YES;
				GCC_WARN_ABOUT_RETURN_TYPE = YES_ERROR;
				GCC_WARN_UNDECLARED_SELECTOR = YES;
				GCC_WARN_UNINITIALIZED_AUTOS = YES_AGGRESSIVE;
				GCC_WARN_UNUSED_FUNCTION = YES;
				GCC_WARN_UNUSED_VARIABLE = YES;
				IPHONEOS_DEPLOYMENT_TARGET = 9.3;
				MTL_ENABLE_DEBUG_INFO = NO;
				SDKROOT = iphoneos;
				TARGETED_DEVICE_FAMILY = "1,2";
				VALIDATE_PRODUCT = YES;
			};
			name = Release;
		};
		7492FB101D76D0E3002500DE /* Debug */ = {
			isa = XCBuildConfiguration;
			buildSettings = {
				ASSETCATALOG_COMPILER_APPICON_NAME = AppIcon;
				INFOPLIST_FILE = Pozi/Info.plist;
				LD_RUNPATH_SEARCH_PATHS = "$(inherited) @executable_path/Frameworks";
				PRODUCT_BUNDLE_IDENTIFIER = com.pozi.pozi.Pozi;
				PRODUCT_NAME = "$(TARGET_NAME)";
			};
			name = Debug;
		};
		7492FB111D76D0E3002500DE /* Release */ = {
			isa = XCBuildConfiguration;
			buildSettings = {
				ASSETCATALOG_COMPILER_APPICON_NAME = AppIcon;
				INFOPLIST_FILE = Pozi/Info.plist;
				LD_RUNPATH_SEARCH_PATHS = "$(inherited) @executable_path/Frameworks";
				PRODUCT_BUNDLE_IDENTIFIER = com.pozi.pozi.Pozi;
				PRODUCT_NAME = "$(TARGET_NAME)";
			};
			name = Release;
		};
/* End XCBuildConfiguration section */

/* Begin XCConfigurationList section */
		7492FAF81D76D0E3002500DE /* Build configuration list for PBXProject "Pozi" */ = {
			isa = XCConfigurationList;
			buildConfigurations = (
				7492FB0D1D76D0E3002500DE /* Debug */,
				7492FB0E1D76D0E3002500DE /* Release */,
			);
			defaultConfigurationIsVisible = 0;
			defaultConfigurationName = Release;
		};
		7492FB0F1D76D0E3002500DE /* Build configuration list for PBXNativeTarget "Pozi" */ = {
			isa = XCConfigurationList;
			buildConfigurations = (
				7492FB101D76D0E3002500DE /* Debug */,
				7492FB111D76D0E3002500DE /* Release */,
			);
			defaultConfigurationIsVisible = 0;
			defaultConfigurationName = Release;
		};
/* End XCConfigurationList section */
	};
	rootObject = 7492FAF51D76D0E3002500DE /* Project object */;
}
